
Microsoft Visual Studio Solution File, Format Version 12.00
# Visual Studio Version 16
VisualStudioVersion = 16.0.30104.148
MinimumVisualStudioVersion = 10.0.40219.1
Project("{FAE04EC0-301F-11D3-BF4B-00C04F79EFBC}") = "FantasyPL", "FantasyPL\FantasyPL.csproj", "{B0F80C44-CC6B-43D7-A049-0437CC154129}"
EndProject
Global
	GlobalSection(SolutionConfigurationPlatforms) = preSolution
		Debug|Any CPU = Debug|Any CPU
		Release|Any CPU = Release|Any CPU
	EndGlobalSection
	GlobalSection(ProjectConfigurationPlatforms) = postSolution
		{B0F80C44-CC6B-43D7-A049-0437CC154129}.Debug|Any CPU.ActiveCfg = Release|Any CPU
		{B0F80C44-CC6B-43D7-A049-0437CC154129}.Debug|Any CPU.Build.0 = Release|Any CPU
		{B0F80C44-CC6B-43D7-A049-0437CC154129}.Release|Any CPU.ActiveCfg = Release|Any CPU
		{B0F80C44-CC6B-43D7-A049-0437CC154129}.Release|Any CPU.Build.0 = Release|Any CPU
	EndGlobalSection
	GlobalSection(SolutionProperties) = preSolution
		HideSolutionNode = FALSE
	EndGlobalSection
	GlobalSection(ExtensibilityGlobals) = postSolution
		SolutionGuid = {DBFB2C6C-2015-4293-A6C8-4B484B2D9E2C}
	EndGlobalSection
EndGlobal
